// !$*UTF8*$!
{
	archiveVersion = 1;
	classes = {
	};
	objectVersion = 46;
	objects = {

/* Begin PBXBuildFile section */
		42AC62241D12ADBA00B071D7 /* Settings.bundle in Resources */ = {isa = PBXBuildFile; fileRef = 42AC62231D12ADBA00B071D7 /* Settings.bundle */; };
		42CA4E251D01D9DA00815E7B /* AppDelegate.swift in Sources */ = {isa = PBXBuildFile; fileRef = 42CA4E241D01D9DA00815E7B /* AppDelegate.swift */; };
		42CA4E271D01D9DA00815E7B /* ViewController.swift in Sources */ = {isa = PBXBuildFile; fileRef = 42CA4E261D01D9DA00815E7B /* ViewController.swift */; };
		42CA4E2A1D01D9DA00815E7B /* Main.storyboard in Resources */ = {isa = PBXBuildFile; fileRef = 42CA4E281D01D9DA00815E7B /* Main.storyboard */; };
		42CA4E2C1D01D9DA00815E7B /* Assets.xcassets in Resources */ = {isa = PBXBuildFile; fileRef = 42CA4E2B1D01D9DA00815E7B /* Assets.xcassets */; };
		42CA4E2F1D01D9DA00815E7B /* LaunchScreen.storyboard in Resources */ = {isa = PBXBuildFile; fileRef = 42CA4E2D1D01D9DA00815E7B /* LaunchScreen.storyboard */; };
		42CA4E371D01DA3700815E7B /* BouncerBehavior.swift in Sources */ = {isa = PBXBuildFile; fileRef = 42CA4E361D01DA3700815E7B /* BouncerBehavior.swift */; };
/* End PBXBuildFile section */

/* Begin PBXFileReference section */
		42AC62231D12ADBA00B071D7 /* Settings.bundle */ = {isa = PBXFileReference; lastKnownFileType = "wrapper.plug-in"; path = Settings.bundle; sourceTree = "<group>"; };
		42CA4E211D01D9DA00815E7B /* Bouncer.app */ = {isa = PBXFileReference; explicitFileType = wrapper.application; includeInIndex = 0; path = Bouncer.app; sourceTree = BUILT_PRODUCTS_DIR; };
		42CA4E241D01D9DA00815E7B /* AppDelegate.swift */ = {isa = PBXFileReference; lastKnownFileType = sourcecode.swift; path = AppDelegate.swift; sourceTree = "<group>"; };
		42CA4E261D01D9DA00815E7B /* ViewController.swift */ = {isa = PBXFileReference; lastKnownFileType = sourcecode.swift; path = ViewController.swift; sourceTree = "<group>"; };
		42CA4E291D01D9DA00815E7B /* Base */ = {isa = PBXFileReference; lastKnownFileType = file.storyboard; name = Base; path = Base.lproj/Main.storyboard; sourceTree = "<group>"; };
		42CA4E2B1D01D9DA00815E7B /* Assets.xcassets */ = {isa = PBXFileReference; lastKnownFileType = folder.assetcatalog; path = Assets.xcassets; sourceTree = "<group>"; };
		42CA4E2E1D01D9DA00815E7B /* Base */ = {isa = PBXFileReference; lastKnownFileType = file.storyboard; name = Base; path = Base.lproj/LaunchScreen.storyboard; sourceTree = "<group>"; };
		42CA4E301D01D9DB00815E7B /* Info.plist */ = {isa = PBXFileReference; lastKnownFileType = text.plist.xml; path = Info.plist; sourceTree = "<group>"; };
		42CA4E361D01DA3700815E7B /* BouncerBehavior.swift */ = {isa = PBXFileReference; fileEncoding = 4; lastKnownFileType = sourcecode.swift; lineEnding = 0; path = BouncerBehavior.swift; sourceTree = "<group>"; xcLanguageSpecificationIdentifier = xcode.lang.swift; };
/* End PBXFileReference section */

/* Begin PBXFrameworksBuildPhase section */
		42CA4E1E1D01D9DA00815E7B /* Frameworks */ = {
			isa = PBXFrameworksBuildPhase;
			buildActionMask = 2147483647;
			files = (
			);
			runOnlyForDeploymentPostprocessing = 0;
		};
/* End PBXFrameworksBuildPhase section */

/* Begin PBXGroup section */
		42CA4E181D01D9DA00815E7B = {
			isa = PBXGroup;
			children = (
				42CA4E231D01D9DA00815E7B /* Bouncer */,
				42CA4E221D01D9DA00815E7B /* Products */,
			);
			sourceTree = "<group>";
		};
		42CA4E221D01D9DA00815E7B /* Products */ = {
			isa = PBXGroup;
			children = (
				42CA4E211D01D9DA00815E7B /* Bouncer.app */,
			);
			name = Products;
			sourceTree = "<group>";
		};
		42CA4E231D01D9DA00815E7B /* Bouncer */ = {
			isa = PBXGroup;
			children = (
				42CA4E361D01DA3700815E7B /* BouncerBehavior.swift */,
				42AC62231D12ADBA00B071D7 /* Settings.bundle */,
				42CA4E241D01D9DA00815E7B /* AppDelegate.swift */,
				42CA4E261D01D9DA00815E7B /* ViewController.swift */,
				42CA4E281D01D9DA00815E7B /* Main.storyboard */,
				42CA4E2B1D01D9DA00815E7B /* Assets.xcassets */,
				42CA4E2D1D01D9DA00815E7B /* LaunchScreen.storyboard */,
				42CA4E301D01D9DB00815E7B /* Info.plist */,
			);
			path = Bouncer;
			sourceTree = "<group>";
		};
/* End PBXGroup section */

/* Begin PBXNativeTarget section */
		42CA4E201D01D9DA00815E7B /* Bouncer */ = {
			isa = PBXNativeTarget;
			buildConfigurationList = 42CA4E331D01D9DB00815E7B /* Build configuration list for PBXNativeTarget "Bouncer" */;
			buildPhases = (
				42CA4E1D1D01D9DA00815E7B /* Sources */,
				42CA4E1E1D01D9DA00815E7B /* Frameworks */,
				42CA4E1F1D01D9DA00815E7B /* Resources */,
			);
			buildRules = (
			);
			dependencies = (
			);
			name = Bouncer;
			productName = Bouncer;
			productReference = 42CA4E211D01D9DA00815E7B /* Bouncer.app */;
			productType = "com.apple.product-type.application";
		};
/* End PBXNativeTarget section */

/* Begin PBXProject section */
		42CA4E191D01D9DA00815E7B /* Project object */ = {
			isa = PBXProject;
			attributes = {
				LastSwiftUpdateCheck = 0730;
				LastUpgradeCheck = 0730;
				ORGANIZATIONNAME = romek;
				TargetAttributes = {
					42CA4E201D01D9DA00815E7B = {
						CreatedOnToolsVersion = 7.3.1;
						DevelopmentTeam = DJ22U4RTFT;
					};
				};
			};
			buildConfigurationList = 42CA4E1C1D01D9DA00815E7B /* Build configuration list for PBXProject "Bouncer" */;
			compatibilityVersion = "Xcode 3.2";
			developmentRegion = English;
			hasScannedForEncodings = 0;
			knownRegions = (
				en,
				Base,
			);
			mainGroup = 42CA4E181D01D9DA00815E7B;
			productRefGroup = 42CA4E221D01D9DA00815E7B /* Products */;
			projectDirPath = "";
			projectRoot = "";
			targets = (
				42CA4E201D01D9DA00815E7B /* Bouncer */,
			);
		};
/* End PBXProject section */

/* Begin PBXResourcesBuildPhase section */
		42CA4E1F1D01D9DA00815E7B /* Resources */ = {
			isa = PBXResourcesBuildPhase;
			buildActionMask = 2147483647;
			files = (
				42AC62241D12ADBA00B071D7 /* Settings.bundle in Resources */,
				42CA4E2F1D01D9DA00815E7B /* LaunchScreen.storyboard in Resources */,
				42CA4E2C1D01D9DA00815E7B /* Assets.xcassets in Resources */,
				42CA4E2A1D01D9DA00815E7B /* Main.storyboard in Resources */,
			);
			runOnlyForDeploymentPostprocessing = 0;
		};
/* End PBXResourcesBuildPhase section */

/* Begin PBXSourcesBuildPhase section */
		42CA4E1D1D01D9DA00815E7B /* Sources */ = {
			isa = PBXSourcesBuildPhase;
			buildActionMask = 2147483647;
			files = (
				42CA4E271D01D9DA00815E7B /* ViewController.swift in Sources */,
				42CA4E251D01D9DA00815E7B /* AppDelegate.swift in Sources */,
				42CA4E371D01DA3700815E7B /* BouncerBehavior.swift in Sources */,
			);
			runOnlyForDeploymentPostprocessing = 0;
		};
/* End PBXSourcesBuildPhase section */

/* Begin PBXVariantGroup section */
		42CA4E281D01D9DA00815E7B /* Main.storyboard */ = {
			isa = PBXVariantGroup;
			children = (
				42CA4E291D01D9DA00815E7B /* Base */,
			);
			name = Main.storyboard;
			sourceTree = "<group>";
		};
		42CA4E2D1D01D9DA00815E7B /* LaunchScreen.storyboard */ = {
			isa = PBXVariantGroup;
			children = (
				42CA4E2E1D01D9DA00815E7B /* Base */,
			);
			name = LaunchScreen.storyboard;
			sourceTree = "<group>";
		};
/* End PBXVariantGroup section */

/* Begin XCBuildConfiguration section */
		42CA4E311D01D9DB00815E7B /* Debug */ = {
			isa = XCBuildConfiguration;
			buildSettings = {
				ALWAYS_SEARCH_USER_PATHS = NO;
				CLANG_ANALYZER_NONNULL = YES;
				CLANG_CXX_LANGUAGE_STANDARD = "gnu++0x";
				CLANG_CXX_LIBRARY = "libc++";
				CLANG_ENABLE_MODULES = YES;
				CLANG_ENABLE_OBJC_ARC = YES;
				CLANG_WARN_BOOL_CONVERSION = YES;
				CLANG_WARN_CONSTANT_CONVERSION = YES;
				CLANG_WARN_DIRECT_OBJC_ISA_USAGE = YES_ERROR;
				CLANG_WARN_EMPTY_BODY = YES;
				CLANG_WARN_ENUM_CONVERSION = YES;
				CLANG_WARN_INT_CONVERSION = YES;
				CLANG_WARN_OBJC_ROOT_CLASS = YES_ERROR;
				CLANG_WARN_UNREACHABLE_CODE = YES;
				CLANG_WARN__DUPLICATE_METHOD_MATCH = YES;
				"CODE_SIGN_IDENTITY[sdk=iphoneos*]" = "iPhone Developer";
				COPY_PHASE_STRIP = NO;
				DEBUG_INFORMATION_FORMAT = dwarf;
				ENABLE_STRICT_OBJC_MSGSEND = YES;
				ENABLE_TESTABILITY = YES;
				GCC_C_LANGUAGE_STANDARD = gnu99;
				GCC_DYNAMIC_NO_PIC = NO;
				GCC_NO_COMMON_BLOCKS = YES;
				GCC_OPTIMIZATION_LEVEL = 0;
				GCC_PREPROCESSOR_DEFINITIONS = (
					"DEBUG=1",
					"$(inherited)",
				);
				GCC_WARN_64_TO_32_BIT_CONVERSION = YES;
				GCC_WARN_ABOUT_RETURN_TYPE = YES_ERROR;
				GCC_WARN_UNDECLARED_SELECTOR = YES;
				GCC_WARN_UNINITIALIZED_AUTOS = YES_AGGRESSIVE;
				GCC_WARN_UNUSED_FUNCTION = YES;
				GCC_WARN_UNUSED_VARIABLE = YES;
				IPHONEOS_DEPLOYMENT_TARGET = 9.3;
				MTL_ENABLE_DEBUG_INFO = YES;
				ONLY_ACTIVE_ARCH = YES;
				SDKROOT = iphoneos;
				SWIFT_OPTIMIZATION_LEVEL = "-Onone";
				TARGETED_DEVICE_FAMILY = "1,2";
			};
			name = Debug;
		};
		42CA4E321D01D9DB00815E7B /* Release */ = {
			isa = XCBuildConfiguration;
			buildSettings = {
				ALWAYS_SEARCH_USER_PATHS = NO;
				CLANG_ANALYZER_NONNULL = YES;
				CLANG_CXX_LANGUAGE_STANDARD = "gnu++0x";
				CLANG_CXX_LIBRARY = "libc++";
				CLANG_ENABLE_MODULES = YES;
				CLANG_ENABLE_OBJC_ARC = YES;
				CLANG_WARN_BOOL_CONVERSION = YES;
				CLANG_WARN_CONSTANT_CONVERSION = YES;
				CLANG_WARN_DIRECT_OBJC_ISA_USAGE = YES_ERROR;
				CLANG_WARN_EMPTY_BODY = YES;
				CLANG_WARN_ENUM_CONVERSION = YES;
				CLANG_WARN_INT_CONVERSION = YES;
				CLANG_WARN_OBJC_ROOT_CLASS = YES_ERROR;
				CLANG_WARN_UNREACHABLE_CODE = YES;
				CLANG_WARN__DUPLICATE_METHOD_MATCH = YES;
				"CODE_SIGN_IDENTITY[sdk=iphoneos*]" = "iPhone Developer";
				COPY_PHASE_STRIP = NO;
				DEBUG_INFORMATION_FORMAT = "dwarf-with-dsym";
				ENABLE_NS_ASSERTIONS = NO;
				ENABLE_STRICT_OBJC_MSGSEND = YES;
				GCC_C_LANGUAGE_STANDARD = gnu99;
				GCC_NO_COMMON_BLOCKS = YES;
				GCC_WARN_64_TO_32_BIT_CONVERSION = YES;
				GCC_WARN_ABOUT_RETURN_TYPE = YES_ERROR;
				GCC_WARN_UNDECLARED_SELECTOR = YES;
				GCC_WARN_UNINITIALIZED_AUTOS = YES_AGGRESSIVE;
				GCC_WARN_UNUSED_FUNCTION = YES;
				GCC_WARN_UNUSED_VARIABLE = YES;
				IPHONEOS_DEPLOYMENT_TARGET = 9.3;
				MTL_ENABLE_DEBUG_INFO = NO;
				SDKROOT = iphoneos;
				TARGETED_DEVICE_FAMILY = "1,2";
				VALIDATE_PRODUCT = YES;
			};
			name = Release;
		};
		42CA4E341D01D9DB00815E7B /* Debug */ = {
			isa = XCBuildConfiguration;
			buildSettings = {
				ASSETCATALOG_COMPILER_APPICON_NAME = AppIcon;
				CODE_SIGN_IDENTITY = "iPhone Developer";
				"CODE_SIGN_IDENTITY[sdk=iphoneos*]" = "iPhone Developer";
				INFOPLIST_FILE = Bouncer/Info.plist;
				LD_RUNPATH_SEARCH_PATHS = "$(inherited) @executable_path/Frameworks";
				PRODUCT_BUNDLE_IDENTIFIER = ru.toywar.Bouncer;
				PRODUCT_NAME = "$(TARGET_NAME)";
				PROVISIONING_PROFILE = "";
			};
			name = Debug;
		};
		42CA4E351D01D9DB00815E7B /* Release */ = {
			isa = XCBuildConfiguration;
			buildSettings = {
				ASSETCATALOG_COMPILER_APPICON_NAME = AppIcon;
				CODE_SIGN_IDENTITY = "iPhone Developer";
				"CODE_SIGN_IDENTITY[sdk=iphoneos*]" = "iPhone Developer";
				INFOPLIST_FILE = Bouncer/Info.plist;
				LD_RUNPATH_SEARCH_PATHS = "$(inherited) @executable_path/Frameworks";
				PRODUCT_BUNDLE_IDENTIFIER = ru.toywar.Bouncer;
				PRODUCT_NAME = "$(TARGET_NAME)";
				PROVISIONING_PROFILE = "";
			};
			name = Release;
		};
/* End XCBuildConfiguration section */

/* Begin XCConfigurationList section */
		42CA4E1C1D01D9DA00815E7B /* Build configuration list for PBXProject "Bouncer" */ = {
			isa = XCConfigurationList;
			buildConfigurations = (
				42CA4E311D01D9DB00815E7B /* Debug */,
				42CA4E321D01D9DB00815E7B /* Release */,
			);
			defaultConfigurationIsVisible = 0;
			defaultConfigurationName = Release;
		};
		42CA4E331D01D9DB00815E7B /* Build configuration list for PBXNativeTarget "Bouncer" */ = {
			isa = XCConfigurationList;
			buildConfigurations = (
				42CA4E341D01D9DB00815E7B /* Debug */,
				42CA4E351D01D9DB00815E7B /* Release */,
			);
			defaultConfigurationIsVisible = 0;
			defaultConfigurationName = Release;
		};
/* End XCConfigurationList section */
	};
	rootObject = 42CA4E191D01D9DA00815E7B /* Project object */;
}
